
Microsoft Visual Studio Solution File, Format Version 12.00
# Visual Studio Version 16
VisualStudioVersion = 16.0.30114.105
MinimumVisualStudioVersion = 10.0.40219.1
Project("{9A19103F-16F7-4668-BE54-9A1E7A4F7556}") = "Product.Messages", "Order.Messages\Product.Messages.csproj", "{ECE0EB2C-0C4E-4150-9656-B90BC0E5FED8}"
EndProject
Project("{E53339B2-1760-4266-BCC7-CA923CBCF16C}") = "docker-compose", "docker-compose.dcproj", "{70D8A091-D863-4976-B648-005A50BA641F}"
EndProject
Project("{9A19103F-16F7-4668-BE54-9A1E7A4F7556}") = "ProductServicesTest", "C:\Users\USER\source\repos\ProductServicesTest\ProductServicesTest.csproj", "{532AA63D-9415-44DA-82FD-537E5F1D091E}"
EndProject
Project("{9A19103F-16F7-4668-BE54-9A1E7A4F7556}") = "ProductAPI", "..\..\RabbitMqBasic-master\ProductApi\ProductAPI.csproj", "{C60B6F27-B39E-4E20-AECF-C7FCD3136B1A}"
EndProject
Project("{9A19103F-16F7-4668-BE54-9A1E7A4F7556}") = "ProductSubscriber", "..\..\RabbitMqBasic-master\ProductSubscriber\ProductSubscriber.csproj", "{09D12012-E0F8-4214-B6CB-57D97148D5F6}"
EndProject
Global
	GlobalSection(SolutionConfigurationPlatforms) = preSolution
		Debug|Any CPU = Debug|Any CPU
		Release|Any CPU = Release|Any CPU
	EndGlobalSection
	GlobalSection(ProjectConfigurationPlatforms) = postSolution
		{ECE0EB2C-0C4E-4150-9656-B90BC0E5FED8}.Debug|Any CPU.ActiveCfg = Debug|Any CPU
		{ECE0EB2C-0C4E-4150-9656-B90BC0E5FED8}.Debug|Any CPU.Build.0 = Debug|Any CPU
		{ECE0EB2C-0C4E-4150-9656-B90BC0E5FED8}.Release|Any CPU.ActiveCfg = Release|Any CPU
		{ECE0EB2C-0C4E-4150-9656-B90BC0E5FED8}.Release|Any CPU.Build.0 = Release|Any CPU
		{70D8A091-D863-4976-B648-005A50BA641F}.Debug|Any CPU.ActiveCfg = Debug|Any CPU
		{70D8A091-D863-4976-B648-005A50BA641F}.Debug|Any CPU.Build.0 = Debug|Any CPU
		{70D8A091-D863-4976-B648-005A50BA641F}.Release|Any CPU.ActiveCfg = Release|Any CPU
		{70D8A091-D863-4976-B648-005A50BA641F}.Release|Any CPU.Build.0 = Release|Any CPU
		{532AA63D-9415-44DA-82FD-537E5F1D091E}.Debug|Any CPU.ActiveCfg = Debug|Any CPU
		{532AA63D-9415-44DA-82FD-537E5F1D091E}.Debug|Any CPU.Build.0 = Debug|Any CPU
		{532AA63D-9415-44DA-82FD-537E5F1D091E}.Release|Any CPU.ActiveCfg = Release|Any CPU
		{532AA63D-9415-44DA-82FD-537E5F1D091E}.Release|Any CPU.Build.0 = Release|Any CPU
		{C60B6F27-B39E-4E20-AECF-C7FCD3136B1A}.Debug|Any CPU.ActiveCfg = Debug|Any CPU
		{C60B6F27-B39E-4E20-AECF-C7FCD3136B1A}.Debug|Any CPU.Build.0 = Debug|Any CPU
		{C60B6F27-B39E-4E20-AECF-C7FCD3136B1A}.Release|Any CPU.ActiveCfg = Release|Any CPU
		{C60B6F27-B39E-4E20-AECF-C7FCD3136B1A}.Release|Any CPU.Build.0 = Release|Any CPU
		{09D12012-E0F8-4214-B6CB-57D97148D5F6}.Debug|Any CPU.ActiveCfg = Debug|Any CPU
		{09D12012-E0F8-4214-B6CB-57D97148D5F6}.Debug|Any CPU.Build.0 = Debug|Any CPU
		{09D12012-E0F8-4214-B6CB-57D97148D5F6}.Release|Any CPU.ActiveCfg = Release|Any CPU
		{09D12012-E0F8-4214-B6CB-57D97148D5F6}.Release|Any CPU.Build.0 = Release|Any CPU
	EndGlobalSection
	GlobalSection(SolutionProperties) = preSolution
		HideSolutionNode = FALSE
	EndGlobalSection
	GlobalSection(ExtensibilityGlobals) = postSolution
		SolutionGuid = {8FF99DD9-8829-4136-93A2-AB18DC8673E6}
	EndGlobalSection
EndGlobal
